
Microsoft Visual Studio Solution File, Format Version 12.00
# Visual Studio 15
VisualStudioVersion = 15.0.28010.2048
MinimumVisualStudioVersion = 10.0.40219.1
Project("{FAE04EC0-301F-11D3-BF4B-00C04F79EFBC}") = "PigFragment", "PigFragment\PigFragment.csproj", "{120AC753-0069-448C-80C6-EE8ABD12E4CB}"
EndProject
Global
	GlobalSection(SolutionConfigurationPlatforms) = preSolution
		Debug|Any CPU = Debug|Any CPU
		Release|Any CPU = Release|Any CPU
	EndGlobalSection
	GlobalSection(ProjectConfigurationPlatforms) = postSolution
		{120AC753-0069-448C-80C6-EE8ABD12E4CB}.Debug|Any CPU.ActiveCfg = Debug|Any CPU
		{120AC753-0069-448C-80C6-EE8ABD12E4CB}.Debug|Any CPU.Build.0 = Debug|Any CPU
		{120AC753-0069-448C-80C6-EE8ABD12E4CB}.Debug|Any CPU.Deploy.0 = Debug|Any CPU
		{120AC753-0069-448C-80C6-EE8ABD12E4CB}.Release|Any CPU.ActiveCfg = Release|Any CPU
		{120AC753-0069-448C-80C6-EE8ABD12E4CB}.Release|Any CPU.Build.0 = Release|Any CPU
		{120AC753-0069-448C-80C6-EE8ABD12E4CB}.Release|Any CPU.Deploy.0 = Release|Any CPU
	EndGlobalSection
	GlobalSection(SolutionProperties) = preSolution
		HideSolutionNode = FALSE
	EndGlobalSection
	GlobalSection(ExtensibilityGlobals) = postSolution
		SolutionGuid = {1CEA1FE6-E775-4A2A-A93A-913650BC1009}
	EndGlobalSection
EndGlobal
